{
  "name": "media_net",
  "version": "0.1.0",
  "lockfileVersion": 1,
  "requires": true,
  "dependencies": {
    "timeago-react": {
      "version": "2.0.1",
      "resolved": "https://registry.npmjs.org/timeago-react/-/timeago-react-2.0.1.tgz",
      "integrity": "sha512-wUvBBbDjec9REKvMWpyb7GSH42n4oXMcoNV2OqD6VziR0bOspwlI6QrNqr1SgQ48drCS5s2OFEGV6ioiJZ0Q2Q==",
      "requires": {
        "timeago.js": "4.0.0-beta.2"
      },
      "dependencies": {
        "timeago.js": {
          "version": "4.0.0-beta.2",
          "resolved": "https://registry.npmjs.org/timeago.js/-/timeago.js-4.0.0-beta.2.tgz",
          "integrity": "sha512-MQkHiYGoB6qZC4DNWsLc9bav+L9hpdulL6sL7okzKR8r1Ipask/tXKAio8T+4jeby8FbpbDvbnCKGrh1bLop3g=="
        }
      }
    }
  }
}
